// !$*UTF8*$!
{
	archiveVersion = 1;
	classes = {
	};
	objectVersion = 56;
	objects = {

/* Begin PBXBuildFile section */
		31177E06292428860009C50F /* UpcomingAssignments.swift in Sources */ = {isa = PBXBuildFile; fileRef = 31177E05292428860009C50F /* UpcomingAssignments.swift */; };
		31177E082924289B0009C50F /* Calendar.swift in Sources */ = {isa = PBXBuildFile; fileRef = 31177E072924289B0009C50F /* Calendar.swift */; };
		31177E0A292428EB0009C50F /* MissingAssignments.swift in Sources */ = {isa = PBXBuildFile; fileRef = 31177E09292428EB0009C50F /* MissingAssignments.swift */; };
		316C55B12926D68300C82B3C /* TableViewCell.swift in Sources */ = {isa = PBXBuildFile; fileRef = 316C55B02926D68300C82B3C /* TableViewCell.swift */; };
		31DCADDB2922D884001BC9CC /* AppDelegate.swift in Sources */ = {isa = PBXBuildFile; fileRef = 31DCADDA2922D884001BC9CC /* AppDelegate.swift */; };
		31DCADDD2922D884001BC9CC /* SceneDelegate.swift in Sources */ = {isa = PBXBuildFile; fileRef = 31DCADDC2922D884001BC9CC /* SceneDelegate.swift */; };
		31DCADDF2922D884001BC9CC /* ViewController.swift in Sources */ = {isa = PBXBuildFile; fileRef = 31DCADDE2922D884001BC9CC /* ViewController.swift */; };
		31DCADE22922D884001BC9CC /* Main.storyboard in Resources */ = {isa = PBXBuildFile; fileRef = 31DCADE02922D884001BC9CC /* Main.storyboard */; };
		31DCADE42922D885001BC9CC /* Assets.xcassets in Resources */ = {isa = PBXBuildFile; fileRef = 31DCADE32922D885001BC9CC /* Assets.xcassets */; };
		31DCADE72922D885001BC9CC /* LaunchScreen.storyboard in Resources */ = {isa = PBXBuildFile; fileRef = 31DCADE52922D885001BC9CC /* LaunchScreen.storyboard */; };
		31DCADF22922D885001BC9CC /* BusinessThingTests.swift in Sources */ = {isa = PBXBuildFile; fileRef = 31DCADF12922D885001BC9CC /* BusinessThingTests.swift */; };
		31DCADFC2922D885001BC9CC /* BusinessThingUITests.swift in Sources */ = {isa = PBXBuildFile; fileRef = 31DCADFB2922D885001BC9CC /* BusinessThingUITests.swift */; };
		31DCADFE2922D885001BC9CC /* BusinessThingUITestsLaunchTests.swift in Sources */ = {isa = PBXBuildFile; fileRef = 31DCADFD2922D885001BC9CC /* BusinessThingUITestsLaunchTests.swift */; };
		4A19623A2979A191007C81A3 /* SeeCalCustomCell.swift in Sources */ = {isa = PBXBuildFile; fileRef = 4A1962392979A191007C81A3 /* SeeCalCustomCell.swift */; };
		4A525BF0292D634F00FD4A96 /* CustomCollectionCell.swift in Sources */ = {isa = PBXBuildFile; fileRef = 4A525BEF292D634F00FD4A96 /* CustomCollectionCell.swift */; };
		4AAD008229785533008B5E89 /* SeeAssignmentsFromCal.swift in Sources */ = {isa = PBXBuildFile; fileRef = 4AAD008129785533008B5E89 /* SeeAssignmentsFromCal.swift */; };
		4AE141B42926CC2E00DBBDCB /* CustomCell.swift in Sources */ = {isa = PBXBuildFile; fileRef = 4AE141B32926CC2E00DBBDCB /* CustomCell.swift */; };
/* End PBXBuildFile section */

/* Begin PBXContainerItemProxy section */
		31DCADEE2922D885001BC9CC /* PBXContainerItemProxy */ = {
			isa = PBXContainerItemProxy;
			containerPortal = 31DCADCF2922D884001BC9CC /* Project object */;
			proxyType = 1;
			remoteGlobalIDString = 31DCADD62922D884001BC9CC;
			remoteInfo = BusinessThing;
		};
		31DCADF82922D885001BC9CC /* PBXContainerItemProxy */ = {
			isa = PBXContainerItemProxy;
			containerPortal = 31DCADCF2922D884001BC9CC /* Project object */;
			proxyType = 1;
			remoteGlobalIDString = 31DCADD62922D884001BC9CC;
			remoteInfo = BusinessThing;
		};
/* End PBXContainerItemProxy section */

/* Begin PBXFileReference section */
		31177E05292428860009C50F /* UpcomingAssignments.swift */ = {isa = PBXFileReference; lastKnownFileType = sourcecode.swift; path = UpcomingAssignments.swift; sourceTree = "<group>"; };
		31177E072924289B0009C50F /* Calendar.swift */ = {isa = PBXFileReference; lastKnownFileType = sourcecode.swift; path = Calendar.swift; sourceTree = "<group>"; };
		31177E09292428EB0009C50F /* MissingAssignments.swift */ = {isa = PBXFileReference; lastKnownFileType = sourcecode.swift; path = MissingAssignments.swift; sourceTree = "<group>"; };
		316C55B02926D68300C82B3C /* TableViewCell.swift */ = {isa = PBXFileReference; lastKnownFileType = sourcecode.swift; path = TableViewCell.swift; sourceTree = "<group>"; };
		31DCADD72922D884001BC9CC /* BusinessThing.app */ = {isa = PBXFileReference; explicitFileType = wrapper.application; includeInIndex = 0; path = BusinessThing.app; sourceTree = BUILT_PRODUCTS_DIR; };
		31DCADDA2922D884001BC9CC /* AppDelegate.swift */ = {isa = PBXFileReference; lastKnownFileType = sourcecode.swift; path = AppDelegate.swift; sourceTree = "<group>"; };
		31DCADDC2922D884001BC9CC /* SceneDelegate.swift */ = {isa = PBXFileReference; lastKnownFileType = sourcecode.swift; path = SceneDelegate.swift; sourceTree = "<group>"; };
		31DCADDE2922D884001BC9CC /* ViewController.swift */ = {isa = PBXFileReference; lastKnownFileType = sourcecode.swift; path = ViewController.swift; sourceTree = "<group>"; };
		31DCADE12922D884001BC9CC /* Base */ = {isa = PBXFileReference; lastKnownFileType = file.storyboard; name = Base; path = Base.lproj/Main.storyboard; sourceTree = "<group>"; };
		31DCADE32922D885001BC9CC /* Assets.xcassets */ = {isa = PBXFileReference; lastKnownFileType = folder.assetcatalog; path = Assets.xcassets; sourceTree = "<group>"; };
		31DCADE62922D885001BC9CC /* Base */ = {isa = PBXFileReference; lastKnownFileType = file.storyboard; name = Base; path = Base.lproj/LaunchScreen.storyboard; sourceTree = "<group>"; };
		31DCADE82922D885001BC9CC /* Info.plist */ = {isa = PBXFileReference; lastKnownFileType = text.plist.xml; path = Info.plist; sourceTree = "<group>"; };
		31DCADED2922D885001BC9CC /* BusinessThingTests.xctest */ = {isa = PBXFileReference; explicitFileType = wrapper.cfbundle; includeInIndex = 0; path = BusinessThingTests.xctest; sourceTree = BUILT_PRODUCTS_DIR; };
		31DCADF12922D885001BC9CC /* BusinessThingTests.swift */ = {isa = PBXFileReference; lastKnownFileType = sourcecode.swift; path = BusinessThingTests.swift; sourceTree = "<group>"; };
		31DCADF72922D885001BC9CC /* BusinessThingUITests.xctest */ = {isa = PBXFileReference; explicitFileType = wrapper.cfbundle; includeInIndex = 0; path = BusinessThingUITests.xctest; sourceTree = BUILT_PRODUCTS_DIR; };
		31DCADFB2922D885001BC9CC /* BusinessThingUITests.swift */ = {isa = PBXFileReference; lastKnownFileType = sourcecode.swift; path = BusinessThingUITests.swift; sourceTree = "<group>"; };
		31DCADFD2922D885001BC9CC /* BusinessThingUITestsLaunchTests.swift */ = {isa = PBXFileReference; lastKnownFileType = sourcecode.swift; path = BusinessThingUITestsLaunchTests.swift; sourceTree = "<group>"; };
		4A1962392979A191007C81A3 /* SeeCalCustomCell.swift */ = {isa = PBXFileReference; lastKnownFileType = sourcecode.swift; path = SeeCalCustomCell.swift; sourceTree = "<group>"; };
		4A525BEF292D634F00FD4A96 /* CustomCollectionCell.swift */ = {isa = PBXFileReference; lastKnownFileType = sourcecode.swift; path = CustomCollectionCell.swift; sourceTree = "<group>"; };
		4AAD008129785533008B5E89 /* SeeAssignmentsFromCal.swift */ = {isa = PBXFileReference; lastKnownFileType = sourcecode.swift; path = SeeAssignmentsFromCal.swift; sourceTree = "<group>"; };
		4AE141B32926CC2E00DBBDCB /* CustomCell.swift */ = {isa = PBXFileReference; lastKnownFileType = sourcecode.swift; path = CustomCell.swift; sourceTree = "<group>"; };
/* End PBXFileReference section */

/* Begin PBXFrameworksBuildPhase section */
		31DCADD42922D884001BC9CC /* Frameworks */ = {
			isa = PBXFrameworksBuildPhase;
			buildActionMask = 2147483647;
			files = (
			);
			runOnlyForDeploymentPostprocessing = 0;
		};
		31DCADEA2922D885001BC9CC /* Frameworks */ = {
			isa = PBXFrameworksBuildPhase;
			buildActionMask = 2147483647;
			files = (
			);
			runOnlyForDeploymentPostprocessing = 0;
		};
		31DCADF42922D885001BC9CC /* Frameworks */ = {
			isa = PBXFrameworksBuildPhase;
			buildActionMask = 2147483647;
			files = (
			);
			runOnlyForDeploymentPostprocessing = 0;
		};
/* End PBXFrameworksBuildPhase section */

/* Begin PBXGroup section */
		31DCADCE2922D884001BC9CC = {
			isa = PBXGroup;
			children = (
				31DCADD92922D884001BC9CC /* BusinessThing */,
				31DCADF02922D885001BC9CC /* BusinessThingTests */,
				31DCADFA2922D885001BC9CC /* BusinessThingUITests */,
				31DCADD82922D884001BC9CC /* Products */,
			);
			sourceTree = "<group>";
		};
		31DCADD82922D884001BC9CC /* Products */ = {
			isa = PBXGroup;
			children = (
				31DCADD72922D884001BC9CC /* BusinessThing.app */,
				31DCADED2922D885001BC9CC /* BusinessThingTests.xctest */,
				31DCADF72922D885001BC9CC /* BusinessThingUITests.xctest */,
			);
			name = Products;
			sourceTree = "<group>";
		};
		31DCADD92922D884001BC9CC /* BusinessThing */ = {
			isa = PBXGroup;
			children = (
				31DCADDA2922D884001BC9CC /* AppDelegate.swift */,
				31DCADDC2922D884001BC9CC /* SceneDelegate.swift */,
				31DCADDE2922D884001BC9CC /* ViewController.swift */,
				31DCADE02922D884001BC9CC /* Main.storyboard */,
				4AAD008129785533008B5E89 /* SeeAssignmentsFromCal.swift */,
				4A1962392979A191007C81A3 /* SeeCalCustomCell.swift */,
				4A525BEF292D634F00FD4A96 /* CustomCollectionCell.swift */,
				31177E072924289B0009C50F /* Calendar.swift */,
				316C55B02926D68300C82B3C /* TableViewCell.swift */,
				4AE141B32926CC2E00DBBDCB /* CustomCell.swift */,
				31177E09292428EB0009C50F /* MissingAssignments.swift */,
				31177E05292428860009C50F /* UpcomingAssignments.swift */,
				31DCADE32922D885001BC9CC /* Assets.xcassets */,
				31DCADE52922D885001BC9CC /* LaunchScreen.storyboard */,
				31DCADE82922D885001BC9CC /* Info.plist */,
			);
			path = BusinessThing;
			sourceTree = "<group>";
		};
		31DCADF02922D885001BC9CC /* BusinessThingTests */ = {
			isa = PBXGroup;
			children = (
				31DCADF12922D885001BC9CC /* BusinessThingTests.swift */,
			);
			path = BusinessThingTests;
			sourceTree = "<group>";
		};
		31DCADFA2922D885001BC9CC /* BusinessThingUITests */ = {
			isa = PBXGroup;
			children = (
				31DCADFB2922D885001BC9CC /* BusinessThingUITests.swift */,
				31DCADFD2922D885001BC9CC /* BusinessThingUITestsLaunchTests.swift */,
			);
			path = BusinessThingUITests;
			sourceTree = "<group>";
		};
/* End PBXGroup section */

/* Begin PBXNativeTarget section */
		31DCADD62922D884001BC9CC /* BusinessThing */ = {
			isa = PBXNativeTarget;
			buildConfigurationList = 31DCAE012922D885001BC9CC /* Build configuration list for PBXNativeTarget "BusinessThing" */;
			buildPhases = (
				31DCADD32922D884001BC9CC /* Sources */,
				31DCADD42922D884001BC9CC /* Frameworks */,
				31DCADD52922D884001BC9CC /* Resources */,
			);
			buildRules = (
			);
			dependencies = (
			);
			name = BusinessThing;
			productName = BusinessThing;
			productReference = 31DCADD72922D884001BC9CC /* BusinessThing.app */;
			productType = "com.apple.product-type.application";
		};
		31DCADEC2922D885001BC9CC /* BusinessThingTests */ = {
			isa = PBXNativeTarget;
			buildConfigurationList = 31DCAE042922D885001BC9CC /* Build configuration list for PBXNativeTarget "BusinessThingTests" */;
			buildPhases = (
				31DCADE92922D885001BC9CC /* Sources */,
				31DCADEA2922D885001BC9CC /* Frameworks */,
				31DCADEB2922D885001BC9CC /* Resources */,
			);
			buildRules = (
			);
			dependencies = (
				31DCADEF2922D885001BC9CC /* PBXTargetDependency */,
			);
			name = BusinessThingTests;
			productName = BusinessThingTests;
			productReference = 31DCADED2922D885001BC9CC /* BusinessThingTests.xctest */;
			productType = "com.apple.product-type.bundle.unit-test";
		};
		31DCADF62922D885001BC9CC /* BusinessThingUITests */ = {
			isa = PBXNativeTarget;
			buildConfigurationList = 31DCAE072922D885001BC9CC /* Build configuration list for PBXNativeTarget "BusinessThingUITests" */;
			buildPhases = (
				31DCADF32922D885001BC9CC /* Sources */,
				31DCADF42922D885001BC9CC /* Frameworks */,
				31DCADF52922D885001BC9CC /* Resources */,
			);
			buildRules = (
			);
			dependencies = (
				31DCADF92922D885001BC9CC /* PBXTargetDependency */,
			);
			name = BusinessThingUITests;
			productName = BusinessThingUITests;
			productReference = 31DCADF72922D885001BC9CC /* BusinessThingUITests.xctest */;
			productType = "com.apple.product-type.bundle.ui-testing";
		};
/* End PBXNativeTarget section */

/* Begin PBXProject section */
		31DCADCF2922D884001BC9CC /* Project object */ = {
			isa = PBXProject;
			attributes = {
				BuildIndependentTargetsInParallel = 1;
				LastSwiftUpdateCheck = 1400;
				LastUpgradeCheck = 1400;
				TargetAttributes = {
					31DCADD62922D884001BC9CC = {
						CreatedOnToolsVersion = 14.0.1;
					};
					31DCADEC2922D885001BC9CC = {
						CreatedOnToolsVersion = 14.0.1;
						TestTargetID = 31DCADD62922D884001BC9CC;
					};
					31DCADF62922D885001BC9CC = {
						CreatedOnToolsVersion = 14.0.1;
						TestTargetID = 31DCADD62922D884001BC9CC;
					};
				};
			};
			buildConfigurationList = 31DCADD22922D884001BC9CC /* Build configuration list for PBXProject "BusinessThing" */;
			compatibilityVersion = "Xcode 14.0";
			developmentRegion = en;
			hasScannedForEncodings = 0;
			knownRegions = (
				en,
				Base,
			);
			mainGroup = 31DCADCE2922D884001BC9CC;
			productRefGroup = 31DCADD82922D884001BC9CC /* Products */;
			projectDirPath = "";
			projectRoot = "";
			targets = (
				31DCADD62922D884001BC9CC /* BusinessThing */,
				31DCADEC2922D885001BC9CC /* BusinessThingTests */,
				31DCADF62922D885001BC9CC /* BusinessThingUITests */,
			);
		};
/* End PBXProject section */

/* Begin PBXResourcesBuildPhase section */
		31DCADD52922D884001BC9CC /* Resources */ = {
			isa = PBXResourcesBuildPhase;
			buildActionMask = 2147483647;
			files = (
				31DCADE72922D885001BC9CC /* LaunchScreen.storyboard in Resources */,
				31DCADE42922D885001BC9CC /* Assets.xcassets in Resources */,
				31DCADE22922D884001BC9CC /* Main.storyboard in Resources */,
			);
			runOnlyForDeploymentPostprocessing = 0;
		};
		31DCADEB2922D885001BC9CC /* Resources */ = {
			isa = PBXResourcesBuildPhase;
			buildActionMask = 2147483647;
			files = (
			);
			runOnlyForDeploymentPostprocessing = 0;
		};
		31DCADF52922D885001BC9CC /* Resources */ = {
			isa = PBXResourcesBuildPhase;
			buildActionMask = 2147483647;
			files = (
			);
			runOnlyForDeploymentPostprocessing = 0;
		};
/* End PBXResourcesBuildPhase section */

/* Begin PBXSourcesBuildPhase section */
		31DCADD32922D884001BC9CC /* Sources */ = {
			isa = PBXSourcesBuildPhase;
			buildActionMask = 2147483647;
			files = (
				31DCADDF2922D884001BC9CC /* ViewController.swift in Sources */,
				31177E0A292428EB0009C50F /* MissingAssignments.swift in Sources */,
				31DCADDB2922D884001BC9CC /* AppDelegate.swift in Sources */,
				4AAD008229785533008B5E89 /* SeeAssignmentsFromCal.swift in Sources */,
				316C55B12926D68300C82B3C /* TableViewCell.swift in Sources */,
				4A19623A2979A191007C81A3 /* SeeCalCustomCell.swift in Sources */,
				31177E06292428860009C50F /* UpcomingAssignments.swift in Sources */,
				31DCADDD2922D884001BC9CC /* SceneDelegate.swift in Sources */,
				4AE141B42926CC2E00DBBDCB /* CustomCell.swift in Sources */,
				31177E082924289B0009C50F /* Calendar.swift in Sources */,
				4A525BF0292D634F00FD4A96 /* CustomCollectionCell.swift in Sources */,
			);
			runOnlyForDeploymentPostprocessing = 0;
		};
		31DCADE92922D885001BC9CC /* Sources */ = {
			isa = PBXSourcesBuildPhase;
			buildActionMask = 2147483647;
			files = (
				31DCADF22922D885001BC9CC /* BusinessThingTests.swift in Sources */,
			);
			runOnlyForDeploymentPostprocessing = 0;
		};
		31DCADF32922D885001BC9CC /* Sources */ = {
			isa = PBXSourcesBuildPhase;
			buildActionMask = 2147483647;
			files = (
				31DCADFC2922D885001BC9CC /* BusinessThingUITests.swift in Sources */,
				31DCADFE2922D885001BC9CC /* BusinessThingUITestsLaunchTests.swift in Sources */,
			);
			runOnlyForDeploymentPostprocessing = 0;
		};
/* End PBXSourcesBuildPhase section */

/* Begin PBXTargetDependency section */
		31DCADEF2922D885001BC9CC /* PBXTargetDependency */ = {
			isa = PBXTargetDependency;
			target = 31DCADD62922D884001BC9CC /* BusinessThing */;
			targetProxy = 31DCADEE2922D885001BC9CC /* PBXContainerItemProxy */;
		};
		31DCADF92922D885001BC9CC /* PBXTargetDependency */ = {
			isa = PBXTargetDependency;
			target = 31DCADD62922D884001BC9CC /* BusinessThing */;
			targetProxy = 31DCADF82922D885001BC9CC /* PBXContainerItemProxy */;
		};
/* End PBXTargetDependency section */

/* Begin PBXVariantGroup section */
		31DCADE02922D884001BC9CC /* Main.storyboard */ = {
			isa = PBXVariantGroup;
			children = (
				31DCADE12922D884001BC9CC /* Base */,
			);
			name = Main.storyboard;
			sourceTree = "<group>";
		};
		31DCADE52922D885001BC9CC /* LaunchScreen.storyboard */ = {
			isa = PBXVariantGroup;
			children = (
				31DCADE62922D885001BC9CC /* Base */,
			);
			name = LaunchScreen.storyboard;
			sourceTree = "<group>";
		};
/* End PBXVariantGroup section */

/* Begin XCBuildConfiguration section */
		31DCADFF2922D885001BC9CC /* Debug */ = {
			isa = XCBuildConfiguration;
			buildSettings = {
				ALWAYS_SEARCH_USER_PATHS = NO;
				CLANG_ANALYZER_NONNULL = YES;
				CLANG_ANALYZER_NUMBER_OBJECT_CONVERSION = YES_AGGRESSIVE;
				CLANG_CXX_LANGUAGE_STANDARD = "gnu++20";
				CLANG_ENABLE_MODULES = YES;
				CLANG_ENABLE_OBJC_ARC = YES;
				CLANG_ENABLE_OBJC_WEAK = YES;
				CLANG_WARN_BLOCK_CAPTURE_AUTORELEASING = YES;
				CLANG_WARN_BOOL_CONVERSION = YES;
				CLANG_WARN_COMMA = YES;
				CLANG_WARN_CONSTANT_CONVERSION = YES;
				CLANG_WARN_DEPRECATED_OBJC_IMPLEMENTATIONS = YES;
				CLANG_WARN_DIRECT_OBJC_ISA_USAGE = YES_ERROR;
				CLANG_WARN_DOCUMENTATION_COMMENTS = YES;
				CLANG_WARN_EMPTY_BODY = YES;
				CLANG_WARN_ENUM_CONVERSION = YES;
				CLANG_WARN_INFINITE_RECURSION = YES;
				CLANG_WARN_INT_CONVERSION = YES;
				CLANG_WARN_NON_LITERAL_NULL_CONVERSION = YES;
				CLANG_WARN_OBJC_IMPLICIT_RETAIN_SELF = YES;
				CLANG_WARN_OBJC_LITERAL_CONVERSION = YES;
				CLANG_WARN_OBJC_ROOT_CLASS = YES_ERROR;
				CLANG_WARN_QUOTED_INCLUDE_IN_FRAMEWORK_HEADER = YES;
				CLANG_WARN_RANGE_LOOP_ANALYSIS = YES;
				CLANG_WARN_STRICT_PROTOTYPES = YES;
				CLANG_WARN_SUSPICIOUS_MOVE = YES;
				CLANG_WARN_UNGUARDED_AVAILABILITY = YES_AGGRESSIVE;
				CLANG_WARN_UNREACHABLE_CODE = YES;
				CLANG_WARN__DUPLICATE_METHOD_MATCH = YES;
				COPY_PHASE_STRIP = NO;
				DEBUG_INFORMATION_FORMAT = dwarf;
				ENABLE_STRICT_OBJC_MSGSEND = YES;
				ENABLE_TESTABILITY = YES;
				GCC_C_LANGUAGE_STANDARD = gnu11;
				GCC_DYNAMIC_NO_PIC = NO;
				GCC_NO_COMMON_BLOCKS = YES;
				GCC_OPTIMIZATION_LEVEL = 0;
				GCC_PREPROCESSOR_DEFINITIONS = (
					"DEBUG=1",
					"$(inherited)",
				);
				GCC_WARN_64_TO_32_BIT_CONVERSION = YES;
				GCC_WARN_ABOUT_RETURN_TYPE = YES_ERROR;
				GCC_WARN_UNDECLARED_SELECTOR = YES;
				GCC_WARN_UNINITIALIZED_AUTOS = YES_AGGRESSIVE;
				GCC_WARN_UNUSED_FUNCTION = YES;
				GCC_WARN_UNUSED_VARIABLE = YES;
				IPHONEOS_DEPLOYMENT_TARGET = 16.0;
				MTL_ENABLE_DEBUG_INFO = INCLUDE_SOURCE;
				MTL_FAST_MATH = YES;
				ONLY_ACTIVE_ARCH = YES;
				SDKROOT = iphoneos;
				SWIFT_ACTIVE_COMPILATION_CONDITIONS = DEBUG;
				SWIFT_OPTIMIZATION_LEVEL = "-Onone";
			};
			name = Debug;
		};
		31DCAE002922D885001BC9CC /* Release */ = {
			isa = XCBuildConfiguration;
			buildSettings = {
				ALWAYS_SEARCH_USER_PATHS = NO;
				CLANG_ANALYZER_NONNULL = YES;
				CLANG_ANALYZER_NUMBER_OBJECT_CONVERSION = YES_AGGRESSIVE;
				CLANG_CXX_LANGUAGE_STANDARD = "gnu++20";
				CLANG_ENABLE_MODULES = YES;
				CLANG_ENABLE_OBJC_ARC = YES;
				CLANG_ENABLE_OBJC_WEAK = YES;
				CLANG_WARN_BLOCK_CAPTURE_AUTORELEASING = YES;
				CLANG_WARN_BOOL_CONVERSION = YES;
				CLANG_WARN_COMMA = YES;
				CLANG_WARN_CONSTANT_CONVERSION = YES;
				CLANG_WARN_DEPRECATED_OBJC_IMPLEMENTATIONS = YES;
				CLANG_WARN_DIRECT_OBJC_ISA_USAGE = YES_ERROR;
				CLANG_WARN_DOCUMENTATION_COMMENTS = YES;
				CLANG_WARN_EMPTY_BODY = YES;
				CLANG_WARN_ENUM_CONVERSION = YES;
				CLANG_WARN_INFINITE_RECURSION = YES;
				CLANG_WARN_INT_CONVERSION = YES;
				CLANG_WARN_NON_LITERAL_NULL_CONVERSION = YES;
				CLANG_WARN_OBJC_IMPLICIT_RETAIN_SELF = YES;
				CLANG_WARN_OBJC_LITERAL_CONVERSION = YES;
				CLANG_WARN_OBJC_ROOT_CLASS = YES_ERROR;
				CLANG_WARN_QUOTED_INCLUDE_IN_FRAMEWORK_HEADER = YES;
				CLANG_WARN_RANGE_LOOP_ANALYSIS = YES;
				CLANG_WARN_STRICT_PROTOTYPES = YES;
				CLANG_WARN_SUSPICIOUS_MOVE = YES;
				CLANG_WARN_UNGUARDED_AVAILABILITY = YES_AGGRESSIVE;
				CLANG_WARN_UNREACHABLE_CODE = YES;
				CLANG_WARN__DUPLICATE_METHOD_MATCH = YES;
				COPY_PHASE_STRIP = NO;
				DEBUG_INFORMATION_FORMAT = "dwarf-with-dsym";
				ENABLE_NS_ASSERTIONS = NO;
				ENABLE_STRICT_OBJC_MSGSEND = YES;
				GCC_C_LANGUAGE_STANDARD = gnu11;
				GCC_NO_COMMON_BLOCKS = YES;
				GCC_WARN_64_TO_32_BIT_CONVERSION = YES;
				GCC_WARN_ABOUT_RETURN_TYPE = YES_ERROR;
				GCC_WARN_UNDECLARED_SELECTOR = YES;
				GCC_WARN_UNINITIALIZED_AUTOS = YES_AGGRESSIVE;
				GCC_WARN_UNUSED_FUNCTION = YES;
				GCC_WARN_UNUSED_VARIABLE = YES;
				IPHONEOS_DEPLOYMENT_TARGET = 16.0;
				MTL_ENABLE_DEBUG_INFO = NO;
				MTL_FAST_MATH = YES;
				SDKROOT = iphoneos;
				SWIFT_COMPILATION_MODE = wholemodule;
				SWIFT_OPTIMIZATION_LEVEL = "-O";
				VALIDATE_PRODUCT = YES;
			};
			name = Release;
		};
		31DCAE022922D885001BC9CC /* Debug */ = {
			isa = XCBuildConfiguration;
			buildSettings = {
				ASSETCATALOG_COMPILER_APPICON_NAME = AppIcon;
				ASSETCATALOG_COMPILER_GLOBAL_ACCENT_COLOR_NAME = AccentColor;
				CODE_SIGN_STYLE = Automatic;
				CURRENT_PROJECT_VERSION = 1;
				DEVELOPMENT_TEAM = "";
				GENERATE_INFOPLIST_FILE = YES;
				INFOPLIST_FILE = BusinessThing/Info.plist;
				INFOPLIST_KEY_UIApplicationSupportsIndirectInputEvents = YES;
				INFOPLIST_KEY_UILaunchStoryboardName = LaunchScreen;
				INFOPLIST_KEY_UIMainStoryboardFile = Main;
				INFOPLIST_KEY_UISupportedInterfaceOrientations_iPad = "UIInterfaceOrientationPortrait UIInterfaceOrientationPortraitUpsideDown UIInterfaceOrientationLandscapeLeft UIInterfaceOrientationLandscapeRight";
				INFOPLIST_KEY_UISupportedInterfaceOrientations_iPhone = "UIInterfaceOrientationPortrait UIInterfaceOrientationLandscapeLeft UIInterfaceOrientationLandscapeRight";
				LD_RUNPATH_SEARCH_PATHS = (
					"$(inherited)",
					"@executable_path/Frameworks",
				);
				MARKETING_VERSION = 1.0;
				PRODUCT_BUNDLE_IDENTIFIER = harrisonhall.BusinessThing;
				PRODUCT_NAME = "$(TARGET_NAME)";
				SWIFT_EMIT_LOC_STRINGS = YES;
				SWIFT_VERSION = 5.0;
				TARGETED_DEVICE_FAMILY = "1,2";
			};
			name = Debug;
		};
		31DCAE032922D885001BC9CC /* Release */ = {
			isa = XCBuildConfiguration;
			buildSettings = {
				ASSETCATALOG_COMPILER_APPICON_NAME = AppIcon;
				ASSETCATALOG_COMPILER_GLOBAL_ACCENT_COLOR_NAME = AccentColor;
				CODE_SIGN_STYLE = Automatic;
				CURRENT_PROJECT_VERSION = 1;
				DEVELOPMENT_TEAM = "";
				GENERATE_INFOPLIST_FILE = YES;
				INFOPLIST_FILE = BusinessThing/Info.plist;
				INFOPLIST_KEY_UIApplicationSupportsIndirectInputEvents = YES;
				INFOPLIST_KEY_UILaunchStoryboardName = LaunchScreen;
				INFOPLIST_KEY_UIMainStoryboardFile = Main;
				INFOPLIST_KEY_UISupportedInterfaceOrientations_iPad = "UIInterfaceOrientationPortrait UIInterfaceOrientationPortraitUpsideDown UIInterfaceOrientationLandscapeLeft UIInterfaceOrientationLandscapeRight";
				INFOPLIST_KEY_UISupportedInterfaceOrientations_iPhone = "UIInterfaceOrientationPortrait UIInterfaceOrientationLandscapeLeft UIInterfaceOrientationLandscapeRight";
				LD_RUNPATH_SEARCH_PATHS = (
					"$(inherited)",
					"@executable_path/Frameworks",
				);
				MARKETING_VERSION = 1.0;
				PRODUCT_BUNDLE_IDENTIFIER = harrisonhall.BusinessThing;
				PRODUCT_NAME = "$(TARGET_NAME)";
				SWIFT_EMIT_LOC_STRINGS = YES;
				SWIFT_VERSION = 5.0;
				TARGETED_DEVICE_FAMILY = "1,2";
			};
			name = Release;
		};
		31DCAE052922D885001BC9CC /* Debug */ = {
			isa = XCBuildConfiguration;
			buildSettings = {
				ALWAYS_EMBED_SWIFT_STANDARD_LIBRARIES = YES;
				BUNDLE_LOADER = "$(TEST_HOST)";
				"CODE_SIGN_IDENTITY[sdk=macosx*]" = "Apple Development";
				CODE_SIGN_STYLE = Automatic;
				CURRENT_PROJECT_VERSION = 1;
				DEVELOPMENT_TEAM = JQ7BN4VH8D;
				GENERATE_INFOPLIST_FILE = YES;
				IPHONEOS_DEPLOYMENT_TARGET = 16.0;
				MARKETING_VERSION = 1.0;
				PRODUCT_BUNDLE_IDENTIFIER = harrisonhall.BusinessThingTests;
				PRODUCT_NAME = "$(TARGET_NAME)";
				SWIFT_EMIT_LOC_STRINGS = NO;
				SWIFT_VERSION = 5.0;
				TARGETED_DEVICE_FAMILY = "1,2";
				TEST_HOST = "$(BUILT_PRODUCTS_DIR)/BusinessThing.app/$(BUNDLE_EXECUTABLE_FOLDER_PATH)/BusinessThing";
			};
			name = Debug;
		};
		31DCAE062922D885001BC9CC /* Release */ = {
			isa = XCBuildConfiguration;
			buildSettings = {
				ALWAYS_EMBED_SWIFT_STANDARD_LIBRARIES = YES;
				BUNDLE_LOADER = "$(TEST_HOST)";
				"CODE_SIGN_IDENTITY[sdk=macosx*]" = "Apple Development";
				CODE_SIGN_STYLE = Automatic;
				CURRENT_PROJECT_VERSION = 1;
				DEVELOPMENT_TEAM = JQ7BN4VH8D;
				GENERATE_INFOPLIST_FILE = YES;
				IPHONEOS_DEPLOYMENT_TARGET = 16.0;
				MARKETING_VERSION = 1.0;
				PRODUCT_BUNDLE_IDENTIFIER = harrisonhall.BusinessThingTests;
				PRODUCT_NAME = "$(TARGET_NAME)";
				SWIFT_EMIT_LOC_STRINGS = NO;
				SWIFT_VERSION = 5.0;
				TARGETED_DEVICE_FAMILY = "1,2";
				TEST_HOST = "$(BUILT_PRODUCTS_DIR)/BusinessThing.app/$(BUNDLE_EXECUTABLE_FOLDER_PATH)/BusinessThing";
			};
			name = Release;
		};
		31DCAE082922D885001BC9CC /* Debug */ = {
			isa = XCBuildConfiguration;
			buildSettings = {
				ALWAYS_EMBED_SWIFT_STANDARD_LIBRARIES = YES;
				CODE_SIGN_STYLE = Automatic;
				CURRENT_PROJECT_VERSION = 1;
				DEVELOPMENT_TEAM = JQ7BN4VH8D;
				GENERATE_INFOPLIST_FILE = YES;
				MARKETING_VERSION = 1.0;
				PRODUCT_BUNDLE_IDENTIFIER = harrisonhall.BusinessThingUITests;
				PRODUCT_NAME = "$(TARGET_NAME)";
				SWIFT_EMIT_LOC_STRINGS = NO;
				SWIFT_VERSION = 5.0;
				TARGETED_DEVICE_FAMILY = "1,2";
				TEST_TARGET_NAME = BusinessThing;
			};
			name = Debug;
		};
		31DCAE092922D885001BC9CC /* Release */ = {
			isa = XCBuildConfiguration;
			buildSettings = {
				ALWAYS_EMBED_SWIFT_STANDARD_LIBRARIES = YES;
				CODE_SIGN_STYLE = Automatic;
				CURRENT_PROJECT_VERSION = 1;
				DEVELOPMENT_TEAM = JQ7BN4VH8D;
				GENERATE_INFOPLIST_FILE = YES;
				MARKETING_VERSION = 1.0;
				PRODUCT_BUNDLE_IDENTIFIER = harrisonhall.BusinessThingUITests;
				PRODUCT_NAME = "$(TARGET_NAME)";
				SWIFT_EMIT_LOC_STRINGS = NO;
				SWIFT_VERSION = 5.0;
				TARGETED_DEVICE_FAMILY = "1,2";
				TEST_TARGET_NAME = BusinessThing;
			};
			name = Release;
		};
/* End XCBuildConfiguration section */

/* Begin XCConfigurationList section */
		31DCADD22922D884001BC9CC /* Build configuration list for PBXProject "BusinessThing" */ = {
			isa = XCConfigurationList;
			buildConfigurations = (
				31DCADFF2922D885001BC9CC /* Debug */,
				31DCAE002922D885001BC9CC /* Release */,
			);
			defaultConfigurationIsVisible = 0;
			defaultConfigurationName = Release;
		};
		31DCAE012922D885001BC9CC /* Build configuration list for PBXNativeTarget "BusinessThing" */ = {
			isa = XCConfigurationList;
			buildConfigurations = (
				31DCAE022922D885001BC9CC /* Debug */,
				31DCAE032922D885001BC9CC /* Release */,
			);
			defaultConfigurationIsVisible = 0;
			defaultConfigurationName = Release;
		};
		31DCAE042922D885001BC9CC /* Build configuration list for PBXNativeTarget "BusinessThingTests" */ = {
			isa = XCConfigurationList;
			buildConfigurations = (
				31DCAE052922D885001BC9CC /* Debug */,
				31DCAE062922D885001BC9CC /* Release */,
			);
			defaultConfigurationIsVisible = 0;
			defaultConfigurationName = Release;
		};
		31DCAE072922D885001BC9CC /* Build configuration list for PBXNativeTarget "BusinessThingUITests" */ = {
			isa = XCConfigurationList;
			buildConfigurations = (
				31DCAE082922D885001BC9CC /* Debug */,
				31DCAE092922D885001BC9CC /* Release */,
			);
			defaultConfigurationIsVisible = 0;
			defaultConfigurationName = Release;
		};
/* End XCConfigurationList section */
	};
	rootObject = 31DCADCF2922D884001BC9CC /* Project object */;
}
